
Microsoft Visual Studio Solution File, Format Version 12.00
# Visual Studio Version 17
VisualStudioVersion = 17.0.31912.275
MinimumVisualStudioVersion = 10.0.40219.1
Project("{FAE04EC0-301F-11D3-BF4B-00C04F79EFBC}") = "web_based_astrology_web_site", "web_based_astrology_web_site\web_based_astrology_web_site.csproj", "{26E64FB9-E3F5-4B83-94C9-6F8273F13223}"
EndProject
Global
	GlobalSection(SolutionConfigurationPlatforms) = preSolution
		Debug|Any CPU = Debug|Any CPU
		Release|Any CPU = Release|Any CPU
	EndGlobalSection
	GlobalSection(ProjectConfigurationPlatforms) = postSolution
		{26E64FB9-E3F5-4B83-94C9-6F8273F13223}.Debug|Any CPU.ActiveCfg = Debug|Any CPU
		{26E64FB9-E3F5-4B83-94C9-6F8273F13223}.Debug|Any CPU.Build.0 = Debug|Any CPU
		{26E64FB9-E3F5-4B83-94C9-6F8273F13223}.Release|Any CPU.ActiveCfg = Release|Any CPU
		{26E64FB9-E3F5-4B83-94C9-6F8273F13223}.Release|Any CPU.Build.0 = Release|Any CPU
	EndGlobalSection
	GlobalSection(SolutionProperties) = preSolution
		HideSolutionNode = FALSE
	EndGlobalSection
	GlobalSection(ExtensibilityGlobals) = postSolution
		SolutionGuid = {9E75CD84-17C4-40B8-B5D0-85FAB1D9E6BE}
	EndGlobalSection
EndGlobal
